// !$*UTF8*$!
{
	archiveVersion = 1;
	classes = {
	};
	objectVersion = 56;
	objects = {

/* Begin PBXBuildFile section */
		4722D43C2A8149B00068D2D4 /* PlayerView.swift in Sources */ = {isa = PBXBuildFile; fileRef = 4722D43B2A8149B00068D2D4 /* PlayerView.swift */; };
		47B75AC52A8146440057D5A2 /* MusicCollectionApp.swift in Sources */ = {isa = PBXBuildFile; fileRef = 47B75AC42A8146440057D5A2 /* MusicCollectionApp.swift */; };
		47B75AC72A8146440057D5A2 /* ContentView.swift in Sources */ = {isa = PBXBuildFile; fileRef = 47B75AC62A8146440057D5A2 /* ContentView.swift */; };
		47B75AC92A8146460057D5A2 /* Assets.xcassets in Resources */ = {isa = PBXBuildFile; fileRef = 47B75AC82A8146460057D5A2 /* Assets.xcassets */; };
		47B75ACC2A8146460057D5A2 /* Preview Assets.xcassets in Resources */ = {isa = PBXBuildFile; fileRef = 47B75ACB2A8146460057D5A2 /* Preview Assets.xcassets */; };
		47B75AD62A8146460057D5A2 /* MusicCollectionTests.swift in Sources */ = {isa = PBXBuildFile; fileRef = 47B75AD52A8146460057D5A2 /* MusicCollectionTests.swift */; };
		47B75AE02A8146460057D5A2 /* MusicCollectionUITests.swift in Sources */ = {isa = PBXBuildFile; fileRef = 47B75ADF2A8146460057D5A2 /* MusicCollectionUITests.swift */; };
		47B75AE22A8146460057D5A2 /* MusicCollectionUITestsLaunchTests.swift in Sources */ = {isa = PBXBuildFile; fileRef = 47B75AE12A8146460057D5A2 /* MusicCollectionUITestsLaunchTests.swift */; };
/* End PBXBuildFile section */

/* Begin PBXContainerItemProxy section */
		47B75AD22A8146460057D5A2 /* PBXContainerItemProxy */ = {
			isa = PBXContainerItemProxy;
			containerPortal = 47B75AB92A8146440057D5A2 /* Project object */;
			proxyType = 1;
			remoteGlobalIDString = 47B75AC02A8146440057D5A2;
			remoteInfo = MusicCollection;
		};
		47B75ADC2A8146460057D5A2 /* PBXContainerItemProxy */ = {
			isa = PBXContainerItemProxy;
			containerPortal = 47B75AB92A8146440057D5A2 /* Project object */;
			proxyType = 1;
			remoteGlobalIDString = 47B75AC02A8146440057D5A2;
			remoteInfo = MusicCollection;
		};
/* End PBXContainerItemProxy section */

/* Begin PBXFileReference section */
		4722D43B2A8149B00068D2D4 /* PlayerView.swift */ = {isa = PBXFileReference; lastKnownFileType = sourcecode.swift; path = PlayerView.swift; sourceTree = "<group>"; };
		47B75AC12A8146440057D5A2 /* MusicCollection.app */ = {isa = PBXFileReference; explicitFileType = wrapper.application; includeInIndex = 0; path = MusicCollection.app; sourceTree = BUILT_PRODUCTS_DIR; };
		47B75AC42A8146440057D5A2 /* MusicCollectionApp.swift */ = {isa = PBXFileReference; lastKnownFileType = sourcecode.swift; path = MusicCollectionApp.swift; sourceTree = "<group>"; };
		47B75AC62A8146440057D5A2 /* ContentView.swift */ = {isa = PBXFileReference; lastKnownFileType = sourcecode.swift; path = ContentView.swift; sourceTree = "<group>"; };
		47B75AC82A8146460057D5A2 /* Assets.xcassets */ = {isa = PBXFileReference; lastKnownFileType = folder.assetcatalog; path = Assets.xcassets; sourceTree = "<group>"; };
		47B75ACB2A8146460057D5A2 /* Preview Assets.xcassets */ = {isa = PBXFileReference; lastKnownFileType = folder.assetcatalog; path = "Preview Assets.xcassets"; sourceTree = "<group>"; };
		47B75AD12A8146460057D5A2 /* MusicCollectionTests.xctest */ = {isa = PBXFileReference; explicitFileType = wrapper.cfbundle; includeInIndex = 0; path = MusicCollectionTests.xctest; sourceTree = BUILT_PRODUCTS_DIR; };
		47B75AD52A8146460057D5A2 /* MusicCollectionTests.swift */ = {isa = PBXFileReference; lastKnownFileType = sourcecode.swift; path = MusicCollectionTests.swift; sourceTree = "<group>"; };
		47B75ADB2A8146460057D5A2 /* MusicCollectionUITests.xctest */ = {isa = PBXFileReference; explicitFileType = wrapper.cfbundle; includeInIndex = 0; path = MusicCollectionUITests.xctest; sourceTree = BUILT_PRODUCTS_DIR; };
		47B75ADF2A8146460057D5A2 /* MusicCollectionUITests.swift */ = {isa = PBXFileReference; lastKnownFileType = sourcecode.swift; path = MusicCollectionUITests.swift; sourceTree = "<group>"; };
		47B75AE12A8146460057D5A2 /* MusicCollectionUITestsLaunchTests.swift */ = {isa = PBXFileReference; lastKnownFileType = sourcecode.swift; path = MusicCollectionUITestsLaunchTests.swift; sourceTree = "<group>"; };
/* End PBXFileReference section */

/* Begin PBXFrameworksBuildPhase section */
		47B75ABE2A8146440057D5A2 /* Frameworks */ = {
			isa = PBXFrameworksBuildPhase;
			buildActionMask = 2147483647;
			files = (
			);
			runOnlyForDeploymentPostprocessing = 0;
		};
		47B75ACE2A8146460057D5A2 /* Frameworks */ = {
			isa = PBXFrameworksBuildPhase;
			buildActionMask = 2147483647;
			files = (
			);
			runOnlyForDeploymentPostprocessing = 0;
		};
		47B75AD82A8146460057D5A2 /* Frameworks */ = {
			isa = PBXFrameworksBuildPhase;
			buildActionMask = 2147483647;
			files = (
			);
			runOnlyForDeploymentPostprocessing = 0;
		};
/* End PBXFrameworksBuildPhase section */

/* Begin PBXGroup section */
		47B75AB82A8146440057D5A2 = {
			isa = PBXGroup;
			children = (
				47B75AC32A8146440057D5A2 /* MusicCollection */,
				47B75AD42A8146460057D5A2 /* MusicCollectionTests */,
				47B75ADE2A8146460057D5A2 /* MusicCollectionUITests */,
				47B75AC22A8146440057D5A2 /* Products */,
			);
			sourceTree = "<group>";
		};
		47B75AC22A8146440057D5A2 /* Products */ = {
			isa = PBXGroup;
			children = (
				47B75AC12A8146440057D5A2 /* MusicCollection.app */,
				47B75AD12A8146460057D5A2 /* MusicCollectionTests.xctest */,
				47B75ADB2A8146460057D5A2 /* MusicCollectionUITests.xctest */,
			);
			name = Products;
			sourceTree = "<group>";
		};
		47B75AC32A8146440057D5A2 /* MusicCollection */ = {
			isa = PBXGroup;
			children = (
				47B75AC42A8146440057D5A2 /* MusicCollectionApp.swift */,
				47B75AC62A8146440057D5A2 /* ContentView.swift */,
				4722D43B2A8149B00068D2D4 /* PlayerView.swift */,
				47B75AC82A8146460057D5A2 /* Assets.xcassets */,
				47B75ACA2A8146460057D5A2 /* Preview Content */,
			);
			path = MusicCollection;
			sourceTree = "<group>";
		};
		47B75ACA2A8146460057D5A2 /* Preview Content */ = {
			isa = PBXGroup;
			children = (
				47B75ACB2A8146460057D5A2 /* Preview Assets.xcassets */,
			);
			path = "Preview Content";
			sourceTree = "<group>";
		};
		47B75AD42A8146460057D5A2 /* MusicCollectionTests */ = {
			isa = PBXGroup;
			children = (
				47B75AD52A8146460057D5A2 /* MusicCollectionTests.swift */,
			);
			path = MusicCollectionTests;
			sourceTree = "<group>";
		};
		47B75ADE2A8146460057D5A2 /* MusicCollectionUITests */ = {
			isa = PBXGroup;
			children = (
				47B75ADF2A8146460057D5A2 /* MusicCollectionUITests.swift */,
				47B75AE12A8146460057D5A2 /* MusicCollectionUITestsLaunchTests.swift */,
			);
			path = MusicCollectionUITests;
			sourceTree = "<group>";
		};
/* End PBXGroup section */

/* Begin PBXNativeTarget section */
		47B75AC02A8146440057D5A2 /* MusicCollection */ = {
			isa = PBXNativeTarget;
			buildConfigurationList = 47B75AE52A8146460057D5A2 /* Build configuration list for PBXNativeTarget "MusicCollection" */;
			buildPhases = (
				47B75ABD2A8146440057D5A2 /* Sources */,
				47B75ABE2A8146440057D5A2 /* Frameworks */,
				47B75ABF2A8146440057D5A2 /* Resources */,
			);
			buildRules = (
			);
			dependencies = (
			);
			name = MusicCollection;
			productName = MusicCollection;
			productReference = 47B75AC12A8146440057D5A2 /* MusicCollection.app */;
			productType = "com.apple.product-type.application";
		};
		47B75AD02A8146460057D5A2 /* MusicCollectionTests */ = {
			isa = PBXNativeTarget;
			buildConfigurationList = 47B75AE82A8146460057D5A2 /* Build configuration list for PBXNativeTarget "MusicCollectionTests" */;
			buildPhases = (
				47B75ACD2A8146460057D5A2 /* Sources */,
				47B75ACE2A8146460057D5A2 /* Frameworks */,
				47B75ACF2A8146460057D5A2 /* Resources */,
			);
			buildRules = (
			);
			dependencies = (
				47B75AD32A8146460057D5A2 /* PBXTargetDependency */,
			);
			name = MusicCollectionTests;
			productName = MusicCollectionTests;
			productReference = 47B75AD12A8146460057D5A2 /* MusicCollectionTests.xctest */;
			productType = "com.apple.product-type.bundle.unit-test";
		};
		47B75ADA2A8146460057D5A2 /* MusicCollectionUITests */ = {
			isa = PBXNativeTarget;
			buildConfigurationList = 47B75AEB2A8146460057D5A2 /* Build configuration list for PBXNativeTarget "MusicCollectionUITests" */;
			buildPhases = (
				47B75AD72A8146460057D5A2 /* Sources */,
				47B75AD82A8146460057D5A2 /* Frameworks */,
				47B75AD92A8146460057D5A2 /* Resources */,
			);
			buildRules = (
			);
			dependencies = (
				47B75ADD2A8146460057D5A2 /* PBXTargetDependency */,
			);
			name = MusicCollectionUITests;
			productName = MusicCollectionUITests;
			productReference = 47B75ADB2A8146460057D5A2 /* MusicCollectionUITests.xctest */;
			productType = "com.apple.product-type.bundle.ui-testing";
		};
/* End PBXNativeTarget section */

/* Begin PBXProject section */
		47B75AB92A8146440057D5A2 /* Project object */ = {
			isa = PBXProject;
			attributes = {
				BuildIndependentTargetsInParallel = 1;
				LastSwiftUpdateCheck = 1430;
				LastUpgradeCheck = 1430;
				TargetAttributes = {
					47B75AC02A8146440057D5A2 = {
						CreatedOnToolsVersion = 14.3.1;
					};
					47B75AD02A8146460057D5A2 = {
						CreatedOnToolsVersion = 14.3.1;
						TestTargetID = 47B75AC02A8146440057D5A2;
					};
					47B75ADA2A8146460057D5A2 = {
						CreatedOnToolsVersion = 14.3.1;
						TestTargetID = 47B75AC02A8146440057D5A2;
					};
				};
			};
			buildConfigurationList = 47B75ABC2A8146440057D5A2 /* Build configuration list for PBXProject "MusicCollection" */;
			compatibilityVersion = "Xcode 14.0";
			developmentRegion = en;
			hasScannedForEncodings = 0;
			knownRegions = (
				en,
				Base,
			);
			mainGroup = 47B75AB82A8146440057D5A2;
			productRefGroup = 47B75AC22A8146440057D5A2 /* Products */;
			projectDirPath = "";
			projectRoot = "";
			targets = (
				47B75AC02A8146440057D5A2 /* MusicCollection */,
				47B75AD02A8146460057D5A2 /* MusicCollectionTests */,
				47B75ADA2A8146460057D5A2 /* MusicCollectionUITests */,
			);
		};
/* End PBXProject section */

/* Begin PBXResourcesBuildPhase section */
		47B75ABF2A8146440057D5A2 /* Resources */ = {
			isa = PBXResourcesBuildPhase;
			buildActionMask = 2147483647;
			files = (
				47B75ACC2A8146460057D5A2 /* Preview Assets.xcassets in Resources */,
				47B75AC92A8146460057D5A2 /* Assets.xcassets in Resources */,
			);
			runOnlyForDeploymentPostprocessing = 0;
		};
		47B75ACF2A8146460057D5A2 /* Resources */ = {
			isa = PBXResourcesBuildPhase;
			buildActionMask = 2147483647;
			files = (
			);
			runOnlyForDeploymentPostprocessing = 0;
		};
		47B75AD92A8146460057D5A2 /* Resources */ = {
			isa = PBXResourcesBuildPhase;
			buildActionMask = 2147483647;
			files = (
			);
			runOnlyForDeploymentPostprocessing = 0;
		};
/* End PBXResourcesBuildPhase section */

/* Begin PBXSourcesBuildPhase section */
		47B75ABD2A8146440057D5A2 /* Sources */ = {
			isa = PBXSourcesBuildPhase;
			buildActionMask = 2147483647;
			files = (
				4722D43C2A8149B00068D2D4 /* PlayerView.swift in Sources */,
				47B75AC72A8146440057D5A2 /* ContentView.swift in Sources */,
				47B75AC52A8146440057D5A2 /* MusicCollectionApp.swift in Sources */,
			);
			runOnlyForDeploymentPostprocessing = 0;
		};
		47B75ACD2A8146460057D5A2 /* Sources */ = {
			isa = PBXSourcesBuildPhase;
			buildActionMask = 2147483647;
			files = (
				47B75AD62A8146460057D5A2 /* MusicCollectionTests.swift in Sources */,
			);
			runOnlyForDeploymentPostprocessing = 0;
		};
		47B75AD72A8146460057D5A2 /* Sources */ = {
			isa = PBXSourcesBuildPhase;
			buildActionMask = 2147483647;
			files = (
				47B75AE22A8146460057D5A2 /* MusicCollectionUITestsLaunchTests.swift in Sources */,
				47B75AE02A8146460057D5A2 /* MusicCollectionUITests.swift in Sources */,
			);
			runOnlyForDeploymentPostprocessing = 0;
		};
/* End PBXSourcesBuildPhase section */

/* Begin PBXTargetDependency section */
		47B75AD32A8146460057D5A2 /* PBXTargetDependency */ = {
			isa = PBXTargetDependency;
			target = 47B75AC02A8146440057D5A2 /* MusicCollection */;
			targetProxy = 47B75AD22A8146460057D5A2 /* PBXContainerItemProxy */;
		};
		47B75ADD2A8146460057D5A2 /* PBXTargetDependency */ = {
			isa = PBXTargetDependency;
			target = 47B75AC02A8146440057D5A2 /* MusicCollection */;
			targetProxy = 47B75ADC2A8146460057D5A2 /* PBXContainerItemProxy */;
		};
/* End PBXTargetDependency section */

/* Begin XCBuildConfiguration section */
		47B75AE32A8146460057D5A2 /* Debug */ = {
			isa = XCBuildConfiguration;
			buildSettings = {
				ALWAYS_SEARCH_USER_PATHS = NO;
				CLANG_ANALYZER_NONNULL = YES;
				CLANG_ANALYZER_NUMBER_OBJECT_CONVERSION = YES_AGGRESSIVE;
				CLANG_CXX_LANGUAGE_STANDARD = "gnu++20";
				CLANG_ENABLE_MODULES = YES;
				CLANG_ENABLE_OBJC_ARC = YES;
				CLANG_ENABLE_OBJC_WEAK = YES;
				CLANG_WARN_BLOCK_CAPTURE_AUTORELEASING = YES;
				CLANG_WARN_BOOL_CONVERSION = YES;
				CLANG_WARN_COMMA = YES;
				CLANG_WARN_CONSTANT_CONVERSION = YES;
				CLANG_WARN_DEPRECATED_OBJC_IMPLEMENTATIONS = YES;
				CLANG_WARN_DIRECT_OBJC_ISA_USAGE = YES_ERROR;
				CLANG_WARN_DOCUMENTATION_COMMENTS = YES;
				CLANG_WARN_EMPTY_BODY = YES;
				CLANG_WARN_ENUM_CONVERSION = YES;
				CLANG_WARN_INFINITE_RECURSION = YES;
				CLANG_WARN_INT_CONVERSION = YES;
				CLANG_WARN_NON_LITERAL_NULL_CONVERSION = YES;
				CLANG_WARN_OBJC_IMPLICIT_RETAIN_SELF = YES;
				CLANG_WARN_OBJC_LITERAL_CONVERSION = YES;
				CLANG_WARN_OBJC_ROOT_CLASS = YES_ERROR;
				CLANG_WARN_QUOTED_INCLUDE_IN_FRAMEWORK_HEADER = YES;
				CLANG_WARN_RANGE_LOOP_ANALYSIS = YES;
				CLANG_WARN_STRICT_PROTOTYPES = YES;
				CLANG_WARN_SUSPICIOUS_MOVE = YES;
				CLANG_WARN_UNGUARDED_AVAILABILITY = YES_AGGRESSIVE;
				CLANG_WARN_UNREACHABLE_CODE = YES;
				CLANG_WARN__DUPLICATE_METHOD_MATCH = YES;
				COPY_PHASE_STRIP = NO;
				DEBUG_INFORMATION_FORMAT = dwarf;
				ENABLE_STRICT_OBJC_MSGSEND = YES;
				ENABLE_TESTABILITY = YES;
				GCC_C_LANGUAGE_STANDARD = gnu11;
				GCC_DYNAMIC_NO_PIC = NO;
				GCC_NO_COMMON_BLOCKS = YES;
				GCC_OPTIMIZATION_LEVEL = 0;
				GCC_PREPROCESSOR_DEFINITIONS = (
					"DEBUG=1",
					"$(inherited)",
				);
				GCC_WARN_64_TO_32_BIT_CONVERSION = YES;
				GCC_WARN_ABOUT_RETURN_TYPE = YES_ERROR;
				GCC_WARN_UNDECLARED_SELECTOR = YES;
				GCC_WARN_UNINITIALIZED_AUTOS = YES_AGGRESSIVE;
				GCC_WARN_UNUSED_FUNCTION = YES;
				GCC_WARN_UNUSED_VARIABLE = YES;
				IPHONEOS_DEPLOYMENT_TARGET = 16.4;
				MTL_ENABLE_DEBUG_INFO = INCLUDE_SOURCE;
				MTL_FAST_MATH = YES;
				ONLY_ACTIVE_ARCH = YES;
				SDKROOT = iphoneos;
				SWIFT_ACTIVE_COMPILATION_CONDITIONS = DEBUG;
				SWIFT_OPTIMIZATION_LEVEL = "-Onone";
			};
			name = Debug;
		};
		47B75AE42A8146460057D5A2 /* Release */ = {
			isa = XCBuildConfiguration;
			buildSettings = {
				ALWAYS_SEARCH_USER_PATHS = NO;
				CLANG_ANALYZER_NONNULL = YES;
				CLANG_ANALYZER_NUMBER_OBJECT_CONVERSION = YES_AGGRESSIVE;
				CLANG_CXX_LANGUAGE_STANDARD = "gnu++20";
				CLANG_ENABLE_MODULES = YES;
				CLANG_ENABLE_OBJC_ARC = YES;
				CLANG_ENABLE_OBJC_WEAK = YES;
				CLANG_WARN_BLOCK_CAPTURE_AUTORELEASING = YES;
				CLANG_WARN_BOOL_CONVERSION = YES;
				CLANG_WARN_COMMA = YES;
				CLANG_WARN_CONSTANT_CONVERSION = YES;
				CLANG_WARN_DEPRECATED_OBJC_IMPLEMENTATIONS = YES;
				CLANG_WARN_DIRECT_OBJC_ISA_USAGE = YES_ERROR;
				CLANG_WARN_DOCUMENTATION_COMMENTS = YES;
				CLANG_WARN_EMPTY_BODY = YES;
				CLANG_WARN_ENUM_CONVERSION = YES;
				CLANG_WARN_INFINITE_RECURSION = YES;
				CLANG_WARN_INT_CONVERSION = YES;
				CLANG_WARN_NON_LITERAL_NULL_CONVERSION = YES;
				CLANG_WARN_OBJC_IMPLICIT_RETAIN_SELF = YES;
				CLANG_WARN_OBJC_LITERAL_CONVERSION = YES;
				CLANG_WARN_OBJC_ROOT_CLASS = YES_ERROR;
				CLANG_WARN_QUOTED_INCLUDE_IN_FRAMEWORK_HEADER = YES;
				CLANG_WARN_RANGE_LOOP_ANALYSIS = YES;
				CLANG_WARN_STRICT_PROTOTYPES = YES;
				CLANG_WARN_SUSPICIOUS_MOVE = YES;
				CLANG_WARN_UNGUARDED_AVAILABILITY = YES_AGGRESSIVE;
				CLANG_WARN_UNREACHABLE_CODE = YES;
				CLANG_WARN__DUPLICATE_METHOD_MATCH = YES;
				COPY_PHASE_STRIP = NO;
				DEBUG_INFORMATION_FORMAT = "dwarf-with-dsym";
				ENABLE_NS_ASSERTIONS = NO;
				ENABLE_STRICT_OBJC_MSGSEND = YES;
				GCC_C_LANGUAGE_STANDARD = gnu11;
				GCC_NO_COMMON_BLOCKS = YES;
				GCC_WARN_64_TO_32_BIT_CONVERSION = YES;
				GCC_WARN_ABOUT_RETURN_TYPE = YES_ERROR;
				GCC_WARN_UNDECLARED_SELECTOR = YES;
				GCC_WARN_UNINITIALIZED_AUTOS = YES_AGGRESSIVE;
				GCC_WARN_UNUSED_FUNCTION = YES;
				GCC_WARN_UNUSED_VARIABLE = YES;
				IPHONEOS_DEPLOYMENT_TARGET = 16.4;
				MTL_ENABLE_DEBUG_INFO = NO;
				MTL_FAST_MATH = YES;
				SDKROOT = iphoneos;
				SWIFT_COMPILATION_MODE = wholemodule;
				SWIFT_OPTIMIZATION_LEVEL = "-O";
				VALIDATE_PRODUCT = YES;
			};
			name = Release;
		};
		47B75AE62A8146460057D5A2 /* Debug */ = {
			isa = XCBuildConfiguration;
			buildSettings = {
				ASSETCATALOG_COMPILER_APPICON_NAME = AppIcon;
				ASSETCATALOG_COMPILER_GLOBAL_ACCENT_COLOR_NAME = AccentColor;
				CODE_SIGN_STYLE = Automatic;
				CURRENT_PROJECT_VERSION = 1;
				DEVELOPMENT_ASSET_PATHS = "\"MusicCollection/Preview Content\"";
				ENABLE_PREVIEWS = YES;
				GENERATE_INFOPLIST_FILE = YES;
				INFOPLIST_KEY_UIApplicationSceneManifest_Generation = YES;
				INFOPLIST_KEY_UIApplicationSupportsIndirectInputEvents = YES;
				INFOPLIST_KEY_UILaunchScreen_Generation = YES;
				INFOPLIST_KEY_UISupportedInterfaceOrientations_iPad = "UIInterfaceOrientationPortrait UIInterfaceOrientationPortraitUpsideDown UIInterfaceOrientationLandscapeLeft UIInterfaceOrientationLandscapeRight";
				INFOPLIST_KEY_UISupportedInterfaceOrientations_iPhone = "UIInterfaceOrientationPortrait UIInterfaceOrientationLandscapeLeft UIInterfaceOrientationLandscapeRight";
				LD_RUNPATH_SEARCH_PATHS = (
					"$(inherited)",
					"@executable_path/Frameworks",
				);
				MARKETING_VERSION = 1.0;
				PRODUCT_BUNDLE_IDENTIFIER = UNAM.MusicCollection;
				PRODUCT_NAME = "$(TARGET_NAME)";
				SWIFT_EMIT_LOC_STRINGS = YES;
				SWIFT_VERSION = 5.0;
				TARGETED_DEVICE_FAMILY = "1,2";
			};
			name = Debug;
		};
		47B75AE72A8146460057D5A2 /* Release */ = {
			isa = XCBuildConfiguration;
			buildSettings = {
				ASSETCATALOG_COMPILER_APPICON_NAME = AppIcon;
				ASSETCATALOG_COMPILER_GLOBAL_ACCENT_COLOR_NAME = AccentColor;
				CODE_SIGN_STYLE = Automatic;
				CURRENT_PROJECT_VERSION = 1;
				DEVELOPMENT_ASSET_PATHS = "\"MusicCollection/Preview Content\"";
				ENABLE_PREVIEWS = YES;
				GENERATE_INFOPLIST_FILE = YES;
				INFOPLIST_KEY_UIApplicationSceneManifest_Generation = YES;
				INFOPLIST_KEY_UIApplicationSupportsIndirectInputEvents = YES;
				INFOPLIST_KEY_UILaunchScreen_Generation = YES;
				INFOPLIST_KEY_UISupportedInterfaceOrientations_iPad = "UIInterfaceOrientationPortrait UIInterfaceOrientationPortraitUpsideDown UIInterfaceOrientationLandscapeLeft UIInterfaceOrientationLandscapeRight";
				INFOPLIST_KEY_UISupportedInterfaceOrientations_iPhone = "UIInterfaceOrientationPortrait UIInterfaceOrientationLandscapeLeft UIInterfaceOrientationLandscapeRight";
				LD_RUNPATH_SEARCH_PATHS = (
					"$(inherited)",
					"@executable_path/Frameworks",
				);
				MARKETING_VERSION = 1.0;
				PRODUCT_BUNDLE_IDENTIFIER = UNAM.MusicCollection;
				PRODUCT_NAME = "$(TARGET_NAME)";
				SWIFT_EMIT_LOC_STRINGS = YES;
				SWIFT_VERSION = 5.0;
				TARGETED_DEVICE_FAMILY = "1,2";
			};
			name = Release;
		};
		47B75AE92A8146460057D5A2 /* Debug */ = {
			isa = XCBuildConfiguration;
			buildSettings = {
				ALWAYS_EMBED_SWIFT_STANDARD_LIBRARIES = YES;
				BUNDLE_LOADER = "$(TEST_HOST)";
				CODE_SIGN_STYLE = Automatic;
				CURRENT_PROJECT_VERSION = 1;
				GENERATE_INFOPLIST_FILE = YES;
				IPHONEOS_DEPLOYMENT_TARGET = 16.4;
				MARKETING_VERSION = 1.0;
				PRODUCT_BUNDLE_IDENTIFIER = UNAM.MusicCollectionTests;
				PRODUCT_NAME = "$(TARGET_NAME)";
				SWIFT_EMIT_LOC_STRINGS = NO;
				SWIFT_VERSION = 5.0;
				TARGETED_DEVICE_FAMILY = "1,2";
				TEST_HOST = "$(BUILT_PRODUCTS_DIR)/MusicCollection.app/$(BUNDLE_EXECUTABLE_FOLDER_PATH)/MusicCollection";
			};
			name = Debug;
		};
		47B75AEA2A8146460057D5A2 /* Release */ = {
			isa = XCBuildConfiguration;
			buildSettings = {
				ALWAYS_EMBED_SWIFT_STANDARD_LIBRARIES = YES;
				BUNDLE_LOADER = "$(TEST_HOST)";
				CODE_SIGN_STYLE = Automatic;
				CURRENT_PROJECT_VERSION = 1;
				GENERATE_INFOPLIST_FILE = YES;
				IPHONEOS_DEPLOYMENT_TARGET = 16.4;
				MARKETING_VERSION = 1.0;
				PRODUCT_BUNDLE_IDENTIFIER = UNAM.MusicCollectionTests;
				PRODUCT_NAME = "$(TARGET_NAME)";
				SWIFT_EMIT_LOC_STRINGS = NO;
				SWIFT_VERSION = 5.0;
				TARGETED_DEVICE_FAMILY = "1,2";
				TEST_HOST = "$(BUILT_PRODUCTS_DIR)/MusicCollection.app/$(BUNDLE_EXECUTABLE_FOLDER_PATH)/MusicCollection";
			};
			name = Release;
		};
		47B75AEC2A8146460057D5A2 /* Debug */ = {
			isa = XCBuildConfiguration;
			buildSettings = {
				ALWAYS_EMBED_SWIFT_STANDARD_LIBRARIES = YES;
				CODE_SIGN_STYLE = Automatic;
				CURRENT_PROJECT_VERSION = 1;
				GENERATE_INFOPLIST_FILE = YES;
				MARKETING_VERSION = 1.0;
				PRODUCT_BUNDLE_IDENTIFIER = UNAM.MusicCollectionUITests;
				PRODUCT_NAME = "$(TARGET_NAME)";
				SWIFT_EMIT_LOC_STRINGS = NO;
				SWIFT_VERSION = 5.0;
				TARGETED_DEVICE_FAMILY = "1,2";
				TEST_TARGET_NAME = MusicCollection;
			};
			name = Debug;
		};
		47B75AED2A8146460057D5A2 /* Release */ = {
			isa = XCBuildConfiguration;
			buildSettings = {
				ALWAYS_EMBED_SWIFT_STANDARD_LIBRARIES = YES;
				CODE_SIGN_STYLE = Automatic;
				CURRENT_PROJECT_VERSION = 1;
				GENERATE_INFOPLIST_FILE = YES;
				MARKETING_VERSION = 1.0;
				PRODUCT_BUNDLE_IDENTIFIER = UNAM.MusicCollectionUITests;
				PRODUCT_NAME = "$(TARGET_NAME)";
				SWIFT_EMIT_LOC_STRINGS = NO;
				SWIFT_VERSION = 5.0;
				TARGETED_DEVICE_FAMILY = "1,2";
				TEST_TARGET_NAME = MusicCollection;
			};
			name = Release;
		};
/* End XCBuildConfiguration section */

/* Begin XCConfigurationList section */
		47B75ABC2A8146440057D5A2 /* Build configuration list for PBXProject "MusicCollection" */ = {
			isa = XCConfigurationList;
			buildConfigurations = (
				47B75AE32A8146460057D5A2 /* Debug */,
				47B75AE42A8146460057D5A2 /* Release */,
			);
			defaultConfigurationIsVisible = 0;
			defaultConfigurationName = Release;
		};
		47B75AE52A8146460057D5A2 /* Build configuration list for PBXNativeTarget "MusicCollection" */ = {
			isa = XCConfigurationList;
			buildConfigurations = (
				47B75AE62A8146460057D5A2 /* Debug */,
				47B75AE72A8146460057D5A2 /* Release */,
			);
			defaultConfigurationIsVisible = 0;
			defaultConfigurationName = Release;
		};
		47B75AE82A8146460057D5A2 /* Build configuration list for PBXNativeTarget "MusicCollectionTests" */ = {
			isa = XCConfigurationList;
			buildConfigurations = (
				47B75AE92A8146460057D5A2 /* Debug */,
				47B75AEA2A8146460057D5A2 /* Release */,
			);
			defaultConfigurationIsVisible = 0;
			defaultConfigurationName = Release;
		};
		47B75AEB2A8146460057D5A2 /* Build configuration list for PBXNativeTarget "MusicCollectionUITests" */ = {
			isa = XCConfigurationList;
			buildConfigurations = (
				47B75AEC2A8146460057D5A2 /* Debug */,
				47B75AED2A8146460057D5A2 /* Release */,
			);
			defaultConfigurationIsVisible = 0;
			defaultConfigurationName = Release;
		};
/* End XCConfigurationList section */
	};
	rootObject = 47B75AB92A8146440057D5A2 /* Project object */;
}
